<?xml version="1.0" encoding="UTF-8"?>
<CONFIG>
  <ProjectOptions>
    <Version Value="11"/>
    <PathDelim Value="\"/>
    <General>
      <SessionStorage Value="InProjectDir"/>
      <MainUnit Value="0"/>
      <Title Value="CryptoLib.Tests"/>
      <ResourceType Value="res"/>
      <UseXPManifest Value="True"/>
    </General>
    <BuildModes Count="2">
      <Item1 Name="Default" Default="True"/>
      <Item2 Name="Debug">
        <CompilerOptions>
          <Version Value="11"/>
          <PathDelim Value="\"/>
          <Target>
            <Filename Value=".\bin\CryptoLib"/>
          </Target>
          <SearchPaths>
            <IncludeFiles Value="$(ProjOutDir)"/>
            <OtherUnitFiles Value="..\src\Asn1;..\src\Math;..\src\Math\EC\Custom\Sec;..\src\Others;..\src\Security;..\src\Utils;..\src\Crypto;..\src\Math\EC;..\src\Math\EC\Rfc7748;..\src\Math\EC\Rfc8032;..\src"/>
            <UnitOutputDirectory Value="lib\$(TargetCPU)-$(TargetOS)"/>
          </SearchPaths>
          <Parsing>
            <SyntaxOptions>
              <IncludeAssertionCode Value="True"/>
            </SyntaxOptions>
          </Parsing>
          <CodeGeneration>
            <Checks>
              <IOChecks Value="True"/>
              <RangeChecks Value="True"/>
              <OverflowChecks Value="True"/>
              <StackChecks Value="True"/>
            </Checks>
            <VerifyObjMethodCallValidity Value="True"/>
          </CodeGeneration>
          <Linking>
            <Debugging>
              <DebugInfoType Value="dsDwarf2Set"/>
              <UseHeaptrc Value="True"/>
              <TrashVariables Value="True"/>
              <UseExternalDbgSyms Value="True"/>
            </Debugging>
            <Options>
              <Win32>
                <GraphicApplication Value="True"/>
              </Win32>
            </Options>
          </Linking>
        </CompilerOptions>
      </Item2>
    </BuildModes>
    <PublishOptions>
      <Version Value="2"/>
    </PublishOptions>
    <RunParams>
      <FormatVersion Value="2"/>
      <Modes Count="1">
        <Mode0 Name="default"/>
      </Modes>
    </RunParams>
    <RequiredPackages Count="4">
      <Item1>
        <PackageName Value="CryptoLib4PascalPackage"/>
      </Item1>
      <Item2>
        <PackageName Value="fpcunittestrunner"/>
      </Item2>
      <Item3>
        <PackageName Value="LCL"/>
      </Item3>
      <Item4>
        <PackageName Value="FCL"/>
      </Item4>
    </RequiredPackages>
    <Units Count="74">
      <Unit0>
        <Filename Value="CryptoLib.lpr"/>
        <IsPartOfProject Value="True"/>
        <UnitName Value="CryptoLib.Tests"/>
      </Unit0>
      <Unit1>
        <Filename Value="..\src\Asn1\Asn1SequenceParserTests.pas"/>
        <IsPartOfProject Value="True"/>
      </Unit1>
      <Unit2>
        <Filename Value="..\src\Asn1\DerApplicationSpecificTests.pas"/>
        <IsPartOfProject Value="True"/>
      </Unit2>
      <Unit3>
        <Filename Value="..\src\Asn1\EqualsAndHashCodeTests.pas"/>
        <IsPartOfProject Value="True"/>
      </Unit3>
      <Unit4>
        <Filename Value="..\src\Asn1\OIDTests.pas"/>
        <IsPartOfProject Value="True"/>
      </Unit4>
      <Unit5>
        <Filename Value="..\src\Math\BigIntegerTests.pas"/>
        <IsPartOfProject Value="True"/>
      </Unit5>
      <Unit6>
        <Filename Value="..\src\Math\ECAlgorithmsTests.pas"/>
        <IsPartOfProject Value="True"/>
      </Unit6>
      <Unit7>
        <Filename Value="..\src\Math\ECPointTests.pas"/>
        <IsPartOfProject Value="True"/>
      </Unit7>
      <Unit8>
        <Filename Value="..\src\Math\EC\Custom\Sec\SecP384R1FieldTests.pas"/>
        <IsPartOfProject Value="True"/>
      </Unit8>
      <Unit9>
        <Filename Value="..\src\Others\ECDsa5Tests.pas"/>
        <IsPartOfProject Value="True"/>
      </Unit9>
      <Unit10>
        <Filename Value="..\src\Others\ECTests.pas"/>
        <IsPartOfProject Value="True"/>
      </Unit10>
      <Unit11>
        <Filename Value="..\src\Others\NamedCurveTests.pas"/>
        <IsPartOfProject Value="True"/>
      </Unit11>
      <Unit12>
        <Filename Value="..\src\Others\SignerUtilitiesTests.pas"/>
        <IsPartOfProject Value="True"/>
      </Unit12>
      <Unit13>
        <Filename Value="..\src\Security\SecureRandomTests.pas"/>
        <IsPartOfProject Value="True"/>
      </Unit13>
      <Unit14>
        <Filename Value="..\src\Utils\ClpFixedSecureRandom.pas"/>
        <IsPartOfProject Value="True"/>
      </Unit14>
      <Unit15>
        <Filename Value="..\src\Utils\ClpIFixedSecureRandom.pas"/>
        <IsPartOfProject Value="True"/>
      </Unit15>
      <Unit16>
        <Filename Value="..\src\Others\ECSchnorrTests.pas"/>
        <IsPartOfProject Value="True"/>
      </Unit16>
      <Unit17>
        <Filename Value="..\src\Crypto\DigestRandomNumberTests.pas"/>
        <IsPartOfProject Value="True"/>
      </Unit17>
      <Unit18>
        <Filename Value="..\src\Math\EC\FixedPointTests.pas"/>
        <IsPartOfProject Value="True"/>
      </Unit18>
      <Unit19>
        <Filename Value="..\src\Crypto\AESTests.pas"/>
        <IsPartOfProject Value="True"/>
      </Unit19>
      <Unit20>
        <Filename Value="..\src\Crypto\BlockCipherVectorTests.pas"/>
        <IsPartOfProject Value="True"/>
      </Unit20>
      <Unit21>
        <Filename Value="..\src\Crypto\AESTestVectors.pas"/>
        <IsPartOfProject Value="True"/>
      </Unit21>
      <Unit22>
        <Filename Value="..\src\Crypto\AESSICTests.pas"/>
        <IsPartOfProject Value="True"/>
      </Unit22>
      <Unit23>
        <Filename Value="..\src\Crypto\HMacTests.pas"/>
        <IsPartOfProject Value="True"/>
      </Unit23>
      <Unit24>
        <Filename Value="..\src\Crypto\MD5HMacTests.pas"/>
        <IsPartOfProject Value="True"/>
      </Unit24>
      <Unit25>
        <Filename Value="..\src\Crypto\Pkcs5Tests.pas"/>
        <IsPartOfProject Value="True"/>
      </Unit25>
      <Unit26>
        <Filename Value="..\src\Crypto\HkdfGeneratorTests.pas"/>
        <IsPartOfProject Value="True"/>
      </Unit26>
      <Unit27>
        <Filename Value="..\src\Math\ECIESTests.pas"/>
        <IsPartOfProject Value="True"/>
      </Unit27>
      <Unit28>
        <Filename Value="..\src\Math\IESCipherTests.pas"/>
        <IsPartOfProject Value="True"/>
      </Unit28>
      <Unit29>
        <Filename Value="..\src\Math\ECNRTests.pas"/>
        <IsPartOfProject Value="True"/>
      </Unit29>
      <Unit30>
        <Filename Value="..\src\Crypto\PaddingTests.pas"/>
        <IsPartOfProject Value="True"/>
      </Unit30>
      <Unit31>
        <Filename Value="..\src\Crypto\DeterministicDsaTests.pas"/>
        <IsPartOfProject Value="True"/>
      </Unit31>
      <Unit32>
        <Filename Value="..\src\Crypto\DSATests.pas"/>
        <IsPartOfProject Value="True"/>
      </Unit32>
      <Unit33>
        <Filename Value="..\src\Crypto\BlockCipherMonteCarloTests.pas"/>
        <IsPartOfProject Value="True"/>
      </Unit33>
      <Unit34>
        <Filename Value="..\src\Crypto\SHA1HMacTests.pas"/>
        <IsPartOfProject Value="True"/>
      </Unit34>
      <Unit35>
        <Filename Value="..\src\Crypto\SHA224HMacTests.pas"/>
        <IsPartOfProject Value="True"/>
      </Unit35>
      <Unit36>
        <Filename Value="..\src\Crypto\SHA256HMacTests.pas"/>
        <IsPartOfProject Value="True"/>
      </Unit36>
      <Unit37>
        <Filename Value="..\src\Crypto\SHA384HMacTests.pas"/>
        <IsPartOfProject Value="True"/>
      </Unit37>
      <Unit38>
        <Filename Value="..\src\Crypto\SHA512HMacTests.pas"/>
        <IsPartOfProject Value="True"/>
      </Unit38>
      <Unit39>
        <Filename Value="..\src\Crypto\RIPEMD128HMacTests.pas"/>
        <IsPartOfProject Value="True"/>
      </Unit39>
      <Unit40>
        <Filename Value="..\src\Crypto\RIPEMD160HMacTests.pas"/>
        <IsPartOfProject Value="True"/>
      </Unit40>
      <Unit41>
        <Filename Value="..\src\Math\EC\Custom\Sec\SecP256R1FieldTests.pas"/>
        <IsPartOfProject Value="True"/>
      </Unit41>
      <Unit42>
        <Filename Value="..\src\Asn1\EnumeratedTests.pas"/>
        <IsPartOfProject Value="True"/>
      </Unit42>
      <Unit43>
        <Filename Value="..\src\Asn1\ParseTests.pas"/>
        <IsPartOfProject Value="True"/>
      </Unit43>
      <Unit44>
        <Filename Value="..\src\Asn1\ParsingTests.pas"/>
        <IsPartOfProject Value="True"/>
      </Unit44>
      <Unit45>
        <Filename Value="..\src\Asn1\StringTests.pas"/>
        <IsPartOfProject Value="True"/>
      </Unit45>
      <Unit46>
        <Filename Value="..\src\Asn1\TagTests.pas"/>
        <IsPartOfProject Value="True"/>
      </Unit46>
      <Unit47>
        <Filename Value="..\src\Crypto\BlowfishTestVectors.pas"/>
        <IsPartOfProject Value="True"/>
      </Unit47>
      <Unit48>
        <Filename Value="..\src\Crypto\SpeckTestVectors.pas"/>
        <IsPartOfProject Value="True"/>
      </Unit48>
      <Unit49>
        <Filename Value="..\src\Crypto\SPECKTests.pas"/>
        <IsPartOfProject Value="True"/>
      </Unit49>
      <Unit50>
        <Filename Value="..\src\Crypto\XSalsa20Tests.pas"/>
        <IsPartOfProject Value="True"/>
      </Unit50>
      <Unit51>
        <Filename Value="..\src\Crypto\Salsa20Tests.pas"/>
        <IsPartOfProject Value="True"/>
      </Unit51>
      <Unit52>
        <Filename Value="..\src\Crypto\StreamCipherResetTests.pas"/>
        <IsPartOfProject Value="True"/>
      </Unit52>
      <Unit53>
        <Filename Value="..\src\Crypto\ChaChaTests.pas"/>
        <IsPartOfProject Value="True"/>
      </Unit53>
      <Unit54>
        <Filename Value="..\src\Crypto\CTSTests.pas"/>
        <IsPartOfProject Value="True"/>
      </Unit54>
      <Unit55>
        <Filename Value="..\src\Crypto\RijndaelTestVectors.pas"/>
        <IsPartOfProject Value="True"/>
      </Unit55>
      <Unit56>
        <Filename Value="..\src\Math\PascalCoinECIESTests.pas"/>
        <IsPartOfProject Value="True"/>
      </Unit56>
      <Unit57>
        <Filename Value="..\src\Math\EC\Rfc7748\X25519Tests.pas"/>
        <IsPartOfProject Value="True"/>
      </Unit57>
      <Unit58>
        <Filename Value="..\src\Math\EC\Rfc8032\Ed25519Tests.pas"/>
        <IsPartOfProject Value="True"/>
      </Unit58>
      <Unit59>
        <Filename Value="..\src\Others\Ed25519HigherLevelTests.pas"/>
        <IsPartOfProject Value="True"/>
      </Unit59>
      <Unit60>
        <Filename Value="..\src\Others\X25519HigherLevelTests.pas"/>
        <IsPartOfProject Value="True"/>
      </Unit60>
      <Unit61>
        <Filename Value="..\src\Utils\ClpShortenedDigest.pas"/>
        <IsPartOfProject Value="True"/>
      </Unit61>
      <Unit62>
        <Filename Value="..\src\Utils\ClpIShortenedDigest.pas"/>
        <IsPartOfProject Value="True"/>
      </Unit62>
      <Unit63>
        <Filename Value="..\src\Others\ShortenedDigestTests.pas"/>
        <IsPartOfProject Value="True"/>
      </Unit63>
      <Unit64>
        <Filename Value="..\src\Crypto\Kdf2GeneratorTests.pas"/>
        <IsPartOfProject Value="True"/>
      </Unit64>
      <Unit65>
        <Filename Value="..\src\Crypto\Kdf1GeneratorTests.pas"/>
        <IsPartOfProject Value="True"/>
      </Unit65>
      <Unit66>
        <Filename Value="..\src\Crypto\Argon2Tests.pas"/>
        <IsPartOfProject Value="True"/>
      </Unit66>
      <Unit67>
        <Filename Value="..\src\Others\DigestTests.pas"/>
        <IsPartOfProject Value="True"/>
      </Unit67>
      <Unit68>
        <Filename Value="..\src\Security\DigestUtilitiesTests.pas"/>
        <IsPartOfProject Value="True"/>
      </Unit68>
      <Unit69>
        <Filename Value="..\src\Crypto\ScryptTests.pas"/>
        <IsPartOfProject Value="True"/>
      </Unit69>
      <Unit70>
        <Filename Value="..\src\Crypto\DHTests.pas"/>
        <IsPartOfProject Value="True"/>
      </Unit70>
      <Unit71>
        <Filename Value="..\src\CryptoLibTestBase.pas"/>
        <IsPartOfProject Value="True"/>
      </Unit71>
      <Unit72>
        <Filename Value="..\src\Asn1\Asn1IntegerTests.pas"/>
        <IsPartOfProject Value="True"/>
      </Unit72>
      <Unit73>
        <Filename Value="..\src\Crypto\KMacTests.pas"/>
        <IsPartOfProject Value="True"/>
      </Unit73>
    </Units>
  </ProjectOptions>
  <CompilerOptions>
    <Version Value="11"/>
    <PathDelim Value="\"/>
    <Target>
      <Filename Value=".\bin\CryptoLib"/>
    </Target>
    <SearchPaths>
      <IncludeFiles Value="$(ProjOutDir)"/>
      <OtherUnitFiles Value="..\src\Asn1;..\src\Math;..\src\Math\EC\Custom\Sec;..\src\Others;..\src\Security;..\src\Utils;..\src\Crypto;..\src\Math\EC;..\src\Math\EC\Rfc7748;..\src\Math\EC\Rfc8032;..\src"/>
      <UnitOutputDirectory Value="lib\$(TargetCPU)-$(TargetOS)"/>
    </SearchPaths>
    <CodeGeneration>
      <Optimizations>
        <OptimizationLevel Value="4"/>
      </Optimizations>
    </CodeGeneration>
    <Linking>
      <Debugging>
        <UseHeaptrc Value="True"/>
      </Debugging>
      <Options>
        <Win32>
          <GraphicApplication Value="True"/>
        </Win32>
      </Options>
    </Linking>
  </CompilerOptions>
  <Debugging>
    <Exceptions Count="3">
      <Item1>
        <Name Value="EAbort"/>
      </Item1>
      <Item2>
        <Name Value="ECodetoolError"/>
      </Item2>
      <Item3>
        <Name Value="EFOpenError"/>
      </Item3>
    </Exceptions>
  </Debugging>
</CONFIG>
